// !$*UTF8*$!
{
	archiveVersion = 1;
	classes = {
	};
	objectVersion = 46;
	objects = {

/* Begin PBXBuildFile section */
		DE9F94C51D592F0900367970 /* AppDelegate.swift in Sources */ = {isa = PBXBuildFile; fileRef = DE9F94C41D592F0900367970 /* AppDelegate.swift */; };
		DE9F94C71D592F0900367970 /* ViewController.swift in Sources */ = {isa = PBXBuildFile; fileRef = DE9F94C61D592F0900367970 /* ViewController.swift */; };
		DE9F94CA1D592F0900367970 /* Main.storyboard in Resources */ = {isa = PBXBuildFile; fileRef = DE9F94C81D592F0900367970 /* Main.storyboard */; };
		DE9F94CC1D592F0900367970 /* Assets.xcassets in Resources */ = {isa = PBXBuildFile; fileRef = DE9F94CB1D592F0900367970 /* Assets.xcassets */; };
		DE9F94CF1D592F0900367970 /* LaunchScreen.storyboard in Resources */ = {isa = PBXBuildFile; fileRef = DE9F94CD1D592F0900367970 /* LaunchScreen.storyboard */; };
/* End PBXBuildFile section */

/* Begin PBXFileReference section */
		DE9F94C11D592F0900367970 /* showcase-dev.app */ = {isa = PBXFileReference; explicitFileType = wrapper.application; includeInIndex = 0; path = "showcase-dev.app"; sourceTree = BUILT_PRODUCTS_DIR; };
		DE9F94C41D592F0900367970 /* AppDelegate.swift */ = {isa = PBXFileReference; lastKnownFileType = sourcecode.swift; path = AppDelegate.swift; sourceTree = "<group>"; };
		DE9F94C61D592F0900367970 /* ViewController.swift */ = {isa = PBXFileReference; lastKnownFileType = sourcecode.swift; path = ViewController.swift; sourceTree = "<group>"; };
		DE9F94C91D592F0900367970 /* Base */ = {isa = PBXFileReference; lastKnownFileType = file.storyboard; name = Base; path = Base.lproj/Main.storyboard; sourceTree = "<group>"; };
		DE9F94CB1D592F0900367970 /* Assets.xcassets */ = {isa = PBXFileReference; lastKnownFileType = folder.assetcatalog; path = Assets.xcassets; sourceTree = "<group>"; };
		DE9F94CE1D592F0900367970 /* Base */ = {isa = PBXFileReference; lastKnownFileType = file.storyboard; name = Base; path = Base.lproj/LaunchScreen.storyboard; sourceTree = "<group>"; };
		DE9F94D01D592F0900367970 /* Info.plist */ = {isa = PBXFileReference; lastKnownFileType = text.plist.xml; path = Info.plist; sourceTree = "<group>"; };
/* End PBXFileReference section */

/* Begin PBXFrameworksBuildPhase section */
		DE9F94BE1D592F0900367970 /* Frameworks */ = {
			isa = PBXFrameworksBuildPhase;
			buildActionMask = 2147483647;
			files = (
			);
			runOnlyForDeploymentPostprocessing = 0;
		};
/* End PBXFrameworksBuildPhase section */

/* Begin PBXGroup section */
		DE9F94B81D592F0900367970 = {
			isa = PBXGroup;
			children = (
				DE9F94C31D592F0900367970 /* showcase-dev */,
				DE9F94C21D592F0900367970 /* Products */,
			);
			sourceTree = "<group>";
		};
		DE9F94C21D592F0900367970 /* Products */ = {
			isa = PBXGroup;
			children = (
				DE9F94C11D592F0900367970 /* showcase-dev.app */,
			);
			name = Products;
			sourceTree = "<group>";
		};
		DE9F94C31D592F0900367970 /* showcase-dev */ = {
			isa = PBXGroup;
			children = (
				DE9F94C41D592F0900367970 /* AppDelegate.swift */,
				DE9F94C61D592F0900367970 /* ViewController.swift */,
				DE9F94C81D592F0900367970 /* Main.storyboard */,
				DE9F94CB1D592F0900367970 /* Assets.xcassets */,
				DE9F94CD1D592F0900367970 /* LaunchScreen.storyboard */,
				DE9F94D01D592F0900367970 /* Info.plist */,
			);
			path = "showcase-dev";
			sourceTree = "<group>";
		};
/* End PBXGroup section */

/* Begin PBXNativeTarget section */
		DE9F94C01D592F0900367970 /* showcase-dev */ = {
			isa = PBXNativeTarget;
			buildConfigurationList = DE9F94D31D592F0900367970 /* Build configuration list for PBXNativeTarget "showcase-dev" */;
			buildPhases = (
				DE9F94BD1D592F0900367970 /* Sources */,
				DE9F94BE1D592F0900367970 /* Frameworks */,
				DE9F94BF1D592F0900367970 /* Resources */,
			);
			buildRules = (
			);
			dependencies = (
			);
			name = "showcase-dev";
			productName = "showcase-dev";
			productReference = DE9F94C11D592F0900367970 /* showcase-dev.app */;
			productType = "com.apple.product-type.application";
		};
/* End PBXNativeTarget section */

/* Begin PBXProject section */
		DE9F94B91D592F0900367970 /* Project object */ = {
			isa = PBXProject;
			attributes = {
				LastSwiftUpdateCheck = 0730;
				LastUpgradeCheck = 0730;
				ORGANIZATIONNAME = newmediatechies;
				TargetAttributes = {
					DE9F94C01D592F0900367970 = {
						CreatedOnToolsVersion = 7.3.1;
					};
				};
			};
			buildConfigurationList = DE9F94BC1D592F0900367970 /* Build configuration list for PBXProject "showcase-dev" */;
			compatibilityVersion = "Xcode 3.2";
			developmentRegion = English;
			hasScannedForEncodings = 0;
			knownRegions = (
				en,
				Base,
			);
			mainGroup = DE9F94B81D592F0900367970;
			productRefGroup = DE9F94C21D592F0900367970 /* Products */;
			projectDirPath = "";
			projectRoot = "";
			targets = (
				DE9F94C01D592F0900367970 /* showcase-dev */,
			);
		};
/* End PBXProject section */

/* Begin PBXResourcesBuildPhase section */
		DE9F94BF1D592F0900367970 /* Resources */ = {
			isa = PBXResourcesBuildPhase;
			buildActionMask = 2147483647;
			files = (
				DE9F94CF1D592F0900367970 /* LaunchScreen.storyboard in Resources */,
				DE9F94CC1D592F0900367970 /* Assets.xcassets in Resources */,
				DE9F94CA1D592F0900367970 /* Main.storyboard in Resources */,
			);
			runOnlyForDeploymentPostprocessing = 0;
		};
/* End PBXResourcesBuildPhase section */

/* Begin PBXSourcesBuildPhase section */
		DE9F94BD1D592F0900367970 /* Sources */ = {
			isa = PBXSourcesBuildPhase;
			buildActionMask = 2147483647;
			files = (
				DE9F94C71D592F0900367970 /* ViewController.swift in Sources */,
				DE9F94C51D592F0900367970 /* AppDelegate.swift in Sources */,
			);
			runOnlyForDeploymentPostprocessing = 0;
		};
/* End PBXSourcesBuildPhase section */

/* Begin PBXVariantGroup section */
		DE9F94C81D592F0900367970 /* Main.storyboard */ = {
			isa = PBXVariantGroup;
			children = (
				DE9F94C91D592F0900367970 /* Base */,
			);
			name = Main.storyboard;
			sourceTree = "<group>";
		};
		DE9F94CD1D592F0900367970 /* LaunchScreen.storyboard */ = {
			isa = PBXVariantGroup;
			children = (
				DE9F94CE1D592F0900367970 /* Base */,
			);
			name = LaunchScreen.storyboard;
			sourceTree = "<group>";
		};
/* End PBXVariantGroup section */

/* Begin XCBuildConfiguration section */
		DE9F94D11D592F0900367970 /* Debug */ = {
			isa = XCBuildConfiguration;
			buildSettings = {
				ALWAYS_SEARCH_USER_PATHS = NO;
				CLANG_ANALYZER_NONNULL = YES;
				CLANG_CXX_LANGUAGE_STANDARD = "gnu++0x";
				CLANG_CXX_LIBRARY = "libc++";
				CLANG_ENABLE_MODULES = YES;
				CLANG_ENABLE_OBJC_ARC = YES;
				CLANG_WARN_BOOL_CONVERSION = YES;
				CLANG_WARN_CONSTANT_CONVERSION = YES;
				CLANG_WARN_DIRECT_OBJC_ISA_USAGE = YES_ERROR;
				CLANG_WARN_EMPTY_BODY = YES;
				CLANG_WARN_ENUM_CONVERSION = YES;
				CLANG_WARN_INT_CONVERSION = YES;
				CLANG_WARN_OBJC_ROOT_CLASS = YES_ERROR;
				CLANG_WARN_UNREACHABLE_CODE = YES;
				CLANG_WARN__DUPLICATE_METHOD_MATCH = YES;
				"CODE_SIGN_IDENTITY[sdk=iphoneos*]" = "iPhone Developer";
				COPY_PHASE_STRIP = NO;
				DEBUG_INFORMATION_FORMAT = dwarf;
				ENABLE_STRICT_OBJC_MSGSEND = YES;
				ENABLE_TESTABILITY = YES;
				GCC_C_LANGUAGE_STANDARD = gnu99;
				GCC_DYNAMIC_NO_PIC = NO;
				GCC_NO_COMMON_BLOCKS = YES;
				GCC_OPTIMIZATION_LEVEL = 0;
				GCC_PREPROCESSOR_DEFINITIONS = (
					"DEBUG=1",
					"$(inherited)",
				);
				GCC_WARN_64_TO_32_BIT_CONVERSION = YES;
				GCC_WARN_ABOUT_RETURN_TYPE = YES_ERROR;
				GCC_WARN_UNDECLARED_SELECTOR = YES;
				GCC_WARN_UNINITIALIZED_AUTOS = YES_AGGRESSIVE;
				GCC_WARN_UNUSED_FUNCTION = YES;
				GCC_WARN_UNUSED_VARIABLE = YES;
				IPHONEOS_DEPLOYMENT_TARGET = 9.3;
				MTL_ENABLE_DEBUG_INFO = YES;
				ONLY_ACTIVE_ARCH = YES;
				SDKROOT = iphoneos;
				SWIFT_OPTIMIZATION_LEVEL = "-Onone";
			};
			name = Debug;
		};
		DE9F94D21D592F0900367970 /* Release */ = {
			isa = XCBuildConfiguration;
			buildSettings = {
				ALWAYS_SEARCH_USER_PATHS = NO;
				CLANG_ANALYZER_NONNULL = YES;
				CLANG_CXX_LANGUAGE_STANDARD = "gnu++0x";
				CLANG_CXX_LIBRARY = "libc++";
				CLANG_ENABLE_MODULES = YES;
				CLANG_ENABLE_OBJC_ARC = YES;
				CLANG_WARN_BOOL_CONVERSION = YES;
				CLANG_WARN_CONSTANT_CONVERSION = YES;
				CLANG_WARN_DIRECT_OBJC_ISA_USAGE = YES_ERROR;
				CLANG_WARN_EMPTY_BODY = YES;
				CLANG_WARN_ENUM_CONVERSION = YES;
				CLANG_WARN_INT_CONVERSION = YES;
				CLANG_WARN_OBJC_ROOT_CLASS = YES_ERROR;
				CLANG_WARN_UNREACHABLE_CODE = YES;
				CLANG_WARN__DUPLICATE_METHOD_MATCH = YES;
				"CODE_SIGN_IDENTITY[sdk=iphoneos*]" = "iPhone Developer";
				COPY_PHASE_STRIP = NO;
				DEBUG_INFORMATION_FORMAT = "dwarf-with-dsym";
				ENABLE_NS_ASSERTIONS = NO;
				ENABLE_STRICT_OBJC_MSGSEND = YES;
				GCC_C_LANGUAGE_STANDARD = gnu99;
				GCC_NO_COMMON_BLOCKS = YES;
				GCC_WARN_64_TO_32_BIT_CONVERSION = YES;
				GCC_WARN_ABOUT_RETURN_TYPE = YES_ERROR;
				GCC_WARN_UNDECLARED_SELECTOR = YES;
				GCC_WARN_UNINITIALIZED_AUTOS = YES_AGGRESSIVE;
				GCC_WARN_UNUSED_FUNCTION = YES;
				GCC_WARN_UNUSED_VARIABLE = YES;
				IPHONEOS_DEPLOYMENT_TARGET = 9.3;
				MTL_ENABLE_DEBUG_INFO = NO;
				SDKROOT = iphoneos;
				VALIDATE_PRODUCT = YES;
			};
			name = Release;
		};
		DE9F94D41D592F0900367970 /* Debug */ = {
			isa = XCBuildConfiguration;
			buildSettings = {
				ASSETCATALOG_COMPILER_APPICON_NAME = AppIcon;
				INFOPLIST_FILE = "showcase-dev/Info.plist";
				LD_RUNPATH_SEARCH_PATHS = "$(inherited) @executable_path/Frameworks";
				PRODUCT_BUNDLE_IDENTIFIER = "NewMediaTechies.showcase-dev";
				PRODUCT_NAME = "$(TARGET_NAME)";
			};
			name = Debug;
		};
		DE9F94D51D592F0900367970 /* Release */ = {
			isa = XCBuildConfiguration;
			buildSettings = {
				ASSETCATALOG_COMPILER_APPICON_NAME = AppIcon;
				INFOPLIST_FILE = "showcase-dev/Info.plist";
				LD_RUNPATH_SEARCH_PATHS = "$(inherited) @executable_path/Frameworks";
				PRODUCT_BUNDLE_IDENTIFIER = "NewMediaTechies.showcase-dev";
				PRODUCT_NAME = "$(TARGET_NAME)";
			};
			name = Release;
		};
/* End XCBuildConfiguration section */

/* Begin XCConfigurationList section */
		DE9F94BC1D592F0900367970 /* Build configuration list for PBXProject "showcase-dev" */ = {
			isa = XCConfigurationList;
			buildConfigurations = (
				DE9F94D11D592F0900367970 /* Debug */,
				DE9F94D21D592F0900367970 /* Release */,
			);
			defaultConfigurationIsVisible = 0;
			defaultConfigurationName = Release;
		};
		DE9F94D31D592F0900367970 /* Build configuration list for PBXNativeTarget "showcase-dev" */ = {
			isa = XCConfigurationList;
			buildConfigurations = (
				DE9F94D41D592F0900367970 /* Debug */,
				DE9F94D51D592F0900367970 /* Release */,
			);
			defaultConfigurationIsVisible = 0;
		};
/* End XCConfigurationList section */
	};
	rootObject = DE9F94B91D592F0900367970 /* Project object */;
}
